
Microsoft Visual Studio Solution File, Format Version 12.00
# Visual Studio Version 17
VisualStudioVersion = 17.10.35201.131
MinimumVisualStudioVersion = 10.0.40219.1
Project("{8BC9CEB8-8B4A-11D0-8D11-00A0C91BC942}") = "001_format", "001_format\001_format.vcxproj", "{E8BBB692-201F-4DD6-9EB0-31849E24492A}"
EndProject
Project("{8BC9CEB8-8B4A-11D0-8D11-00A0C91BC942}") = "002_score", "002_score\002_score.vcxproj", "{E61EE12A-6A51-40D7-9AAF-74D46CDDCB62}"
EndProject
Project("{8BC9CEB8-8B4A-11D0-8D11-00A0C91BC942}") = "003_baseNumber", "003_baseNumber\003_baseNumber.vcxproj", "{A1DF8F83-E7A1-49A9-B225-AE25543930DA}"
EndProject
Project("{8BC9CEB8-8B4A-11D0-8D11-00A0C91BC942}") = "004_varibles", "004_varibles\004_varibles.vcxproj", "{2AFBAC7D-2037-4046-B42F-64ED81B8F182}"
EndProject
Project("{8BC9CEB8-8B4A-11D0-8D11-00A0C91BC942}") = "005_attendance", "005_attendance\005_attendance.vcxproj", "{E740D163-5D62-4FE8-B3B2-5E28CB27AF5E}"
EndProject
Project("{8BC9CEB8-8B4A-11D0-8D11-00A0C91BC942}") = "007_bmi", "007_bmi\007_bmi.vcxproj", "{D35B17FC-B104-4850-AC23-4EBD8E654B52}"
EndProject
Project("{8BC9CEB8-8B4A-11D0-8D11-00A0C91BC942}") = "016_ftoC", "016_ftoC\016_ftoC.vcxproj", "{15B770E1-3F61-4FD2-9BCF-38A42F1354A3}"
EndProject
Project("{8BC9CEB8-8B4A-11D0-8D11-00A0C91BC942}") = "020_sum3", "020_sum3\020_sum3.vcxproj", "{445DDF9C-1864-4711-A04D-7BC8CBB0F72A}"
EndProject
Project("{8BC9CEB8-8B4A-11D0-8D11-00A0C91BC942}") = "000_name", "000_name\000_name.vcxproj", "{E6C79467-DE7B-472D-9162-D2E88DE55167}"
EndProject
Project("{8BC9CEB8-8B4A-11D0-8D11-00A0C91BC942}") = "000_lop", "000_lop\000_lop.vcxproj", "{6E7FF794-365F-4F9F-A89B-06DF4372C1A5}"
EndProject
Project("{8BC9CEB8-8B4A-11D0-8D11-00A0C91BC942}") = "023_gugudan", "023_gugudan\023_gugudan.vcxproj", "{3A5C4B38-29AF-4835-8669-6B7AA343AAD9}"
EndProject
Project("{8BC9CEB8-8B4A-11D0-8D11-00A0C91BC942}") = "024_numberTriangle", "024_numberTriangle\024_numberTriangle.vcxproj", "{42B8F0F9-75B3-4754-88E3-61B94C92DA8D}"
EndProject
Project("{8BC9CEB8-8B4A-11D0-8D11-00A0C91BC942}") = "026_numberTriangle", "02_numberTriangle\02_numberTriangle.vcxproj", "{09C9C86C-4754-46D6-8CCA-C271C3E0F86E}"
EndProject
Project("{8BC9CEB8-8B4A-11D0-8D11-00A0C91BC942}") = "025_divider", "025_divider\025_divider.vcxproj", "{D08812D1-0234-4EBC-9C1D-221E013F9929}"
EndProject
Project("{8BC9CEB8-8B4A-11D0-8D11-00A0C91BC942}") = "027_triangle", "027_triangle\027_triangle.vcxproj", "{9E790DB4-43DB-4A79-888D-D8E9E42C7C96}"
EndProject
Project("{8BC9CEB8-8B4A-11D0-8D11-00A0C91BC942}") = "029_array", "029_array\029_array.vcxproj", "{8216B1A2-4F17-4A0F-A254-0F691C84A338}"
EndProject
Project("{8BC9CEB8-8B4A-11D0-8D11-00A0C91BC942}") = "030_secondMax", "030_secondMax\030_secondMax.vcxproj", "{5F301A85-0298-47CF-BABD-974431EADC15}"
EndProject
Project("{8BC9CEB8-8B4A-11D0-8D11-00A0C91BC942}") = "032_string", "032_string\032_string.vcxproj", "{2EC3BEBA-5EBF-4EB7-8777-651986BCE65A}"
EndProject
Project("{8BC9CEB8-8B4A-11D0-8D11-00A0C91BC942}") = "033_name", "033_name\033_name.vcxproj", "{9C2B91DD-95A6-4475-9DE5-F538524C10FB}"
EndProject
Project("{8BC9CEB8-8B4A-11D0-8D11-00A0C91BC942}") = "044_calc", "044_calc\044_calc.vcxproj", "{58284050-E4B3-4884-ABD6-63CA03F8DC8D}"
EndProject
Project("{8BC9CEB8-8B4A-11D0-8D11-00A0C91BC942}") = "045_callBy", "045_callBy\045_callBy.vcxproj", "{2D716AAF-9795-4408-8E5B-1E0326BA5C2A}"
EndProject
Project("{8BC9CEB8-8B4A-11D0-8D11-00A0C91BC942}") = "046_recursive", "046_recursive\046_recursive.vcxproj", "{A11B70B3-5771-4060-BBF9-CB6294E04987}"
EndProject
Project("{8BC9CEB8-8B4A-11D0-8D11-00A0C91BC942}") = "047_factorial", "047_factorial\047_factorial.vcxproj", "{FECE4951-2029-40AF-95BE-FCACC38A0A09}"
EndProject
Project("{8BC9CEB8-8B4A-11D0-8D11-00A0C91BC942}") = "045_cycle", "045_cycle\045_cycle.vcxproj", "{0FB713AF-611F-475A-9FA6-582B2147EE96}"
EndProject
Project("{8BC9CEB8-8B4A-11D0-8D11-00A0C91BC942}") = "046_factorial", "046_factorial\046_factorial.vcxproj", "{78A86783-90DF-409F-BD3E-DC370EE0CC94}"
EndProject
Project("{8BC9CEB8-8B4A-11D0-8D11-00A0C91BC942}") = "047_fibonacci", "047_fibonacci\047_fibonacci.vcxproj", "{8C677AC2-72AC-4477-B2E2-84CB76FE9B06}"
EndProject
Project("{8BC9CEB8-8B4A-11D0-8D11-00A0C91BC942}") = "050_struct", "050_struct\050_struct.vcxproj", "{BD3A0520-24E8-4F74-821A-1B12CD8F0D28}"
EndProject
Project("{8BC9CEB8-8B4A-11D0-8D11-00A0C91BC942}") = "053_student", "053_student\053_student.vcxproj", "{796DA7BA-92C3-4442-AF9B-856DC889BB27}"
EndProject
Project("{8BC9CEB8-8B4A-11D0-8D11-00A0C91BC942}") = "055_closestPair", "055_closestPair\055_closestPair.vcxproj", "{6849F999-2FA7-4149-989D-69022087B04F}"
EndProject
Project("{8BC9CEB8-8B4A-11D0-8D11-00A0C91BC942}") = "056_enum", "056_enum\056_enum.vcxproj", "{B20ACB30-D03C-487B-9DF0-C68D92991431}"
EndProject
Project("{8BC9CEB8-8B4A-11D0-8D11-00A0C91BC942}") = "059_macro", "059_macro\059_macro.vcxproj", "{B882E3A2-1395-446C-9DAA-C7BDFC1A92A3}"
EndProject
Project("{8BC9CEB8-8B4A-11D0-8D11-00A0C91BC942}") = "060_bit", "060_bit\060_bit.vcxproj", "{640301AA-00A5-4C7C-B1AB-EC6318511E9D}"
EndProject
Project("{8BC9CEB8-8B4A-11D0-8D11-00A0C91BC942}") = "063_cinCout", "064_cinCout\064_cinCout.vcxproj", "{3AA569DA-56D7-463D-A03B-C4886BF88D82}"
EndProject
Project("{8BC9CEB8-8B4A-11D0-8D11-00A0C91BC942}") = "064_array", "064_array\064_array.vcxproj", "{4838D91F-EC4D-407E-A5E4-1492BA44D3A1}"
EndProject
Project("{8BC9CEB8-8B4A-11D0-8D11-00A0C91BC942}") = "065_cycle", "065_cycle\065_cycle.vcxproj", "{D73D869A-6D21-4413-B4A9-1B86DEACCE3A}"
EndProject
Project("{8BC9CEB8-8B4A-11D0-8D11-00A0C91BC942}") = "066_calc", "066_calc\066_calc.vcxproj", "{C99FB819-C108-41B1-8DE6-06109CC6C508}"
EndProject
Project("{8BC9CEB8-8B4A-11D0-8D11-00A0C91BC942}") = "067_point", "067_point\067_point.vcxproj", "{52AD4452-8CD5-4CAA-A18D-D1EC46CACC93}"
EndProject
Project("{8BC9CEB8-8B4A-11D0-8D11-00A0C91BC942}") = "068_constructor", "068_constructor\068_constructor.vcxproj", "{C494C0C9-50CC-4436-927F-E05882723163}"
EndProject
Project("{8BC9CEB8-8B4A-11D0-8D11-00A0C91BC942}") = "069_pointDistance", "069_pointDistance\069_pointDistance.vcxproj", "{A18D32E2-637C-479B-9A6F-C2BD203BD452}"
EndProject
Project("{8BC9CEB8-8B4A-11D0-8D11-00A0C91BC942}") = "071_circle", "071_circle\071_circle.vcxproj", "{7AB87106-A13F-47D6-B4BD-9CDE10CFD5BA}"
EndProject
Project("{8BC9CEB8-8B4A-11D0-8D11-00A0C91BC942}") = "070_Rectangle", "070_Rectangle\070_Rectangle.vcxproj", "{7C810159-0C12-4DCA-B502-CE0374C3531C}"
EndProject
Project("{8BC9CEB8-8B4A-11D0-8D11-00A0C91BC942}") = "072_exponential", "072_exponential\072_exponential.vcxproj", "{0B60449A-23F3-409E-83BA-C74C5C0CCC3F}"
EndProject
Project("{8BC9CEB8-8B4A-11D0-8D11-00A0C91BC942}") = "073_MyDate", "073_MyDate\073_MyDate.vcxproj", "{52CF5C4F-C6A7-458E-8984-DFE353608EA6}"
EndProject
Global
	GlobalSection(SolutionConfigurationPlatforms) = preSolution
		Debug|x64 = Debug|x64
		Debug|x86 = Debug|x86
		Release|x64 = Release|x64
		Release|x86 = Release|x86
	EndGlobalSection
	GlobalSection(ProjectConfigurationPlatforms) = postSolution
		{E8BBB692-201F-4DD6-9EB0-31849E24492A}.Debug|x64.ActiveCfg = Debug|x64
		{E8BBB692-201F-4DD6-9EB0-31849E24492A}.Debug|x64.Build.0 = Debug|x64
		{E8BBB692-201F-4DD6-9EB0-31849E24492A}.Debug|x86.ActiveCfg = Debug|Win32
		{E8BBB692-201F-4DD6-9EB0-31849E24492A}.Debug|x86.Build.0 = Debug|Win32
		{E8BBB692-201F-4DD6-9EB0-31849E24492A}.Release|x64.ActiveCfg = Release|x64
		{E8BBB692-201F-4DD6-9EB0-31849E24492A}.Release|x64.Build.0 = Release|x64
		{E8BBB692-201F-4DD6-9EB0-31849E24492A}.Release|x86.ActiveCfg = Release|Win32
		{E8BBB692-201F-4DD6-9EB0-31849E24492A}.Release|x86.Build.0 = Release|Win32
		{E61EE12A-6A51-40D7-9AAF-74D46CDDCB62}.Debug|x64.ActiveCfg = Debug|x64
		{E61EE12A-6A51-40D7-9AAF-74D46CDDCB62}.Debug|x64.Build.0 = Debug|x64
		{E61EE12A-6A51-40D7-9AAF-74D46CDDCB62}.Debug|x86.ActiveCfg = Debug|Win32
		{E61EE12A-6A51-40D7-9AAF-74D46CDDCB62}.Debug|x86.Build.0 = Debug|Win32
		{E61EE12A-6A51-40D7-9AAF-74D46CDDCB62}.Release|x64.ActiveCfg = Release|x64
		{E61EE12A-6A51-40D7-9AAF-74D46CDDCB62}.Release|x64.Build.0 = Release|x64
		{E61EE12A-6A51-40D7-9AAF-74D46CDDCB62}.Release|x86.ActiveCfg = Release|Win32
		{E61EE12A-6A51-40D7-9AAF-74D46CDDCB62}.Release|x86.Build.0 = Release|Win32
		{A1DF8F83-E7A1-49A9-B225-AE25543930DA}.Debug|x64.ActiveCfg = Debug|x64
		{A1DF8F83-E7A1-49A9-B225-AE25543930DA}.Debug|x64.Build.0 = Debug|x64
		{A1DF8F83-E7A1-49A9-B225-AE25543930DA}.Debug|x86.ActiveCfg = Debug|Win32
		{A1DF8F83-E7A1-49A9-B225-AE25543930DA}.Debug|x86.Build.0 = Debug|Win32
		{A1DF8F83-E7A1-49A9-B225-AE25543930DA}.Release|x64.ActiveCfg = Release|x64
		{A1DF8F83-E7A1-49A9-B225-AE25543930DA}.Release|x64.Build.0 = Release|x64
		{A1DF8F83-E7A1-49A9-B225-AE25543930DA}.Release|x86.ActiveCfg = Release|Win32
		{A1DF8F83-E7A1-49A9-B225-AE25543930DA}.Release|x86.Build.0 = Release|Win32
		{2AFBAC7D-2037-4046-B42F-64ED81B8F182}.Debug|x64.ActiveCfg = Debug|x64
		{2AFBAC7D-2037-4046-B42F-64ED81B8F182}.Debug|x64.Build.0 = Debug|x64
		{2AFBAC7D-2037-4046-B42F-64ED81B8F182}.Debug|x86.ActiveCfg = Debug|Win32
		{2AFBAC7D-2037-4046-B42F-64ED81B8F182}.Debug|x86.Build.0 = Debug|Win32
		{2AFBAC7D-2037-4046-B42F-64ED81B8F182}.Release|x64.ActiveCfg = Release|x64
		{2AFBAC7D-2037-4046-B42F-64ED81B8F182}.Release|x64.Build.0 = Release|x64
		{2AFBAC7D-2037-4046-B42F-64ED81B8F182}.Release|x86.ActiveCfg = Release|Win32
		{2AFBAC7D-2037-4046-B42F-64ED81B8F182}.Release|x86.Build.0 = Release|Win32
		{E740D163-5D62-4FE8-B3B2-5E28CB27AF5E}.Debug|x64.ActiveCfg = Debug|x64
		{E740D163-5D62-4FE8-B3B2-5E28CB27AF5E}.Debug|x64.Build.0 = Debug|x64
		{E740D163-5D62-4FE8-B3B2-5E28CB27AF5E}.Debug|x86.ActiveCfg = Debug|Win32
		{E740D163-5D62-4FE8-B3B2-5E28CB27AF5E}.Debug|x86.Build.0 = Debug|Win32
		{E740D163-5D62-4FE8-B3B2-5E28CB27AF5E}.Release|x64.ActiveCfg = Release|x64
		{E740D163-5D62-4FE8-B3B2-5E28CB27AF5E}.Release|x64.Build.0 = Release|x64
		{E740D163-5D62-4FE8-B3B2-5E28CB27AF5E}.Release|x86.ActiveCfg = Release|Win32
		{E740D163-5D62-4FE8-B3B2-5E28CB27AF5E}.Release|x86.Build.0 = Release|Win32
		{D35B17FC-B104-4850-AC23-4EBD8E654B52}.Debug|x64.ActiveCfg = Debug|x64
		{D35B17FC-B104-4850-AC23-4EBD8E654B52}.Debug|x64.Build.0 = Debug|x64
		{D35B17FC-B104-4850-AC23-4EBD8E654B52}.Debug|x86.ActiveCfg = Debug|Win32
		{D35B17FC-B104-4850-AC23-4EBD8E654B52}.Debug|x86.Build.0 = Debug|Win32
		{D35B17FC-B104-4850-AC23-4EBD8E654B52}.Release|x64.ActiveCfg = Release|x64
		{D35B17FC-B104-4850-AC23-4EBD8E654B52}.Release|x64.Build.0 = Release|x64
		{D35B17FC-B104-4850-AC23-4EBD8E654B52}.Release|x86.ActiveCfg = Release|Win32
		{D35B17FC-B104-4850-AC23-4EBD8E654B52}.Release|x86.Build.0 = Release|Win32
		{15B770E1-3F61-4FD2-9BCF-38A42F1354A3}.Debug|x64.ActiveCfg = Debug|x64
		{15B770E1-3F61-4FD2-9BCF-38A42F1354A3}.Debug|x64.Build.0 = Debug|x64
		{15B770E1-3F61-4FD2-9BCF-38A42F1354A3}.Debug|x86.ActiveCfg = Debug|Win32
		{15B770E1-3F61-4FD2-9BCF-38A42F1354A3}.Debug|x86.Build.0 = Debug|Win32
		{15B770E1-3F61-4FD2-9BCF-38A42F1354A3}.Release|x64.ActiveCfg = Release|x64
		{15B770E1-3F61-4FD2-9BCF-38A42F1354A3}.Release|x64.Build.0 = Release|x64
		{15B770E1-3F61-4FD2-9BCF-38A42F1354A3}.Release|x86.ActiveCfg = Release|Win32
		{15B770E1-3F61-4FD2-9BCF-38A42F1354A3}.Release|x86.Build.0 = Release|Win32
		{445DDF9C-1864-4711-A04D-7BC8CBB0F72A}.Debug|x64.ActiveCfg = Debug|x64
		{445DDF9C-1864-4711-A04D-7BC8CBB0F72A}.Debug|x64.Build.0 = Debug|x64
		{445DDF9C-1864-4711-A04D-7BC8CBB0F72A}.Debug|x86.ActiveCfg = Debug|Win32
		{445DDF9C-1864-4711-A04D-7BC8CBB0F72A}.Debug|x86.Build.0 = Debug|Win32
		{445DDF9C-1864-4711-A04D-7BC8CBB0F72A}.Release|x64.ActiveCfg = Release|x64
		{445DDF9C-1864-4711-A04D-7BC8CBB0F72A}.Release|x64.Build.0 = Release|x64
		{445DDF9C-1864-4711-A04D-7BC8CBB0F72A}.Release|x86.ActiveCfg = Release|Win32
		{445DDF9C-1864-4711-A04D-7BC8CBB0F72A}.Release|x86.Build.0 = Release|Win32
		{E6C79467-DE7B-472D-9162-D2E88DE55167}.Debug|x64.ActiveCfg = Debug|x64
		{E6C79467-DE7B-472D-9162-D2E88DE55167}.Debug|x64.Build.0 = Debug|x64
		{E6C79467-DE7B-472D-9162-D2E88DE55167}.Debug|x86.ActiveCfg = Debug|Win32
		{E6C79467-DE7B-472D-9162-D2E88DE55167}.Debug|x86.Build.0 = Debug|Win32
		{E6C79467-DE7B-472D-9162-D2E88DE55167}.Release|x64.ActiveCfg = Release|x64
		{E6C79467-DE7B-472D-9162-D2E88DE55167}.Release|x64.Build.0 = Release|x64
		{E6C79467-DE7B-472D-9162-D2E88DE55167}.Release|x86.ActiveCfg = Release|Win32
		{E6C79467-DE7B-472D-9162-D2E88DE55167}.Release|x86.Build.0 = Release|Win32
		{6E7FF794-365F-4F9F-A89B-06DF4372C1A5}.Debug|x64.ActiveCfg = Debug|x64
		{6E7FF794-365F-4F9F-A89B-06DF4372C1A5}.Debug|x64.Build.0 = Debug|x64
		{6E7FF794-365F-4F9F-A89B-06DF4372C1A5}.Debug|x86.ActiveCfg = Debug|Win32
		{6E7FF794-365F-4F9F-A89B-06DF4372C1A5}.Debug|x86.Build.0 = Debug|Win32
		{6E7FF794-365F-4F9F-A89B-06DF4372C1A5}.Release|x64.ActiveCfg = Release|x64
		{6E7FF794-365F-4F9F-A89B-06DF4372C1A5}.Release|x64.Build.0 = Release|x64
		{6E7FF794-365F-4F9F-A89B-06DF4372C1A5}.Release|x86.ActiveCfg = Release|Win32
		{6E7FF794-365F-4F9F-A89B-06DF4372C1A5}.Release|x86.Build.0 = Release|Win32
		{3A5C4B38-29AF-4835-8669-6B7AA343AAD9}.Debug|x64.ActiveCfg = Debug|x64
		{3A5C4B38-29AF-4835-8669-6B7AA343AAD9}.Debug|x64.Build.0 = Debug|x64
		{3A5C4B38-29AF-4835-8669-6B7AA343AAD9}.Debug|x86.ActiveCfg = Debug|Win32
		{3A5C4B38-29AF-4835-8669-6B7AA343AAD9}.Debug|x86.Build.0 = Debug|Win32
		{3A5C4B38-29AF-4835-8669-6B7AA343AAD9}.Release|x64.ActiveCfg = Release|x64
		{3A5C4B38-29AF-4835-8669-6B7AA343AAD9}.Release|x64.Build.0 = Release|x64
		{3A5C4B38-29AF-4835-8669-6B7AA343AAD9}.Release|x86.ActiveCfg = Release|Win32
		{3A5C4B38-29AF-4835-8669-6B7AA343AAD9}.Release|x86.Build.0 = Release|Win32
		{42B8F0F9-75B3-4754-88E3-61B94C92DA8D}.Debug|x64.ActiveCfg = Debug|x64
		{42B8F0F9-75B3-4754-88E3-61B94C92DA8D}.Debug|x64.Build.0 = Debug|x64
		{42B8F0F9-75B3-4754-88E3-61B94C92DA8D}.Debug|x86.ActiveCfg = Debug|Win32
		{42B8F0F9-75B3-4754-88E3-61B94C92DA8D}.Debug|x86.Build.0 = Debug|Win32
		{42B8F0F9-75B3-4754-88E3-61B94C92DA8D}.Release|x64.ActiveCfg = Release|x64
		{42B8F0F9-75B3-4754-88E3-61B94C92DA8D}.Release|x64.Build.0 = Release|x64
		{42B8F0F9-75B3-4754-88E3-61B94C92DA8D}.Release|x86.ActiveCfg = Release|Win32
		{42B8F0F9-75B3-4754-88E3-61B94C92DA8D}.Release|x86.Build.0 = Release|Win32
		{09C9C86C-4754-46D6-8CCA-C271C3E0F86E}.Debug|x64.ActiveCfg = Debug|x64
		{09C9C86C-4754-46D6-8CCA-C271C3E0F86E}.Debug|x64.Build.0 = Debug|x64
		{09C9C86C-4754-46D6-8CCA-C271C3E0F86E}.Debug|x86.ActiveCfg = Debug|Win32
		{09C9C86C-4754-46D6-8CCA-C271C3E0F86E}.Debug|x86.Build.0 = Debug|Win32
		{09C9C86C-4754-46D6-8CCA-C271C3E0F86E}.Release|x64.ActiveCfg = Release|x64
		{09C9C86C-4754-46D6-8CCA-C271C3E0F86E}.Release|x64.Build.0 = Release|x64
		{09C9C86C-4754-46D6-8CCA-C271C3E0F86E}.Release|x86.ActiveCfg = Release|Win32
		{09C9C86C-4754-46D6-8CCA-C271C3E0F86E}.Release|x86.Build.0 = Release|Win32
		{D08812D1-0234-4EBC-9C1D-221E013F9929}.Debug|x64.ActiveCfg = Debug|x64
		{D08812D1-0234-4EBC-9C1D-221E013F9929}.Debug|x64.Build.0 = Debug|x64
		{D08812D1-0234-4EBC-9C1D-221E013F9929}.Debug|x86.ActiveCfg = Debug|Win32
		{D08812D1-0234-4EBC-9C1D-221E013F9929}.Debug|x86.Build.0 = Debug|Win32
		{D08812D1-0234-4EBC-9C1D-221E013F9929}.Release|x64.ActiveCfg = Release|x64
		{D08812D1-0234-4EBC-9C1D-221E013F9929}.Release|x64.Build.0 = Release|x64
		{D08812D1-0234-4EBC-9C1D-221E013F9929}.Release|x86.ActiveCfg = Release|Win32
		{D08812D1-0234-4EBC-9C1D-221E013F9929}.Release|x86.Build.0 = Release|Win32
		{9E790DB4-43DB-4A79-888D-D8E9E42C7C96}.Debug|x64.ActiveCfg = Debug|x64
		{9E790DB4-43DB-4A79-888D-D8E9E42C7C96}.Debug|x64.Build.0 = Debug|x64
		{9E790DB4-43DB-4A79-888D-D8E9E42C7C96}.Debug|x86.ActiveCfg = Debug|Win32
		{9E790DB4-43DB-4A79-888D-D8E9E42C7C96}.Debug|x86.Build.0 = Debug|Win32
		{9E790DB4-43DB-4A79-888D-D8E9E42C7C96}.Release|x64.ActiveCfg = Release|x64
		{9E790DB4-43DB-4A79-888D-D8E9E42C7C96}.Release|x64.Build.0 = Release|x64
		{9E790DB4-43DB-4A79-888D-D8E9E42C7C96}.Release|x86.ActiveCfg = Release|Win32
		{9E790DB4-43DB-4A79-888D-D8E9E42C7C96}.Release|x86.Build.0 = Release|Win32
		{8216B1A2-4F17-4A0F-A254-0F691C84A338}.Debug|x64.ActiveCfg = Debug|x64
		{8216B1A2-4F17-4A0F-A254-0F691C84A338}.Debug|x64.Build.0 = Debug|x64
		{8216B1A2-4F17-4A0F-A254-0F691C84A338}.Debug|x86.ActiveCfg = Debug|Win32
		{8216B1A2-4F17-4A0F-A254-0F691C84A338}.Debug|x86.Build.0 = Debug|Win32
		{8216B1A2-4F17-4A0F-A254-0F691C84A338}.Release|x64.ActiveCfg = Release|x64
		{8216B1A2-4F17-4A0F-A254-0F691C84A338}.Release|x64.Build.0 = Release|x64
		{8216B1A2-4F17-4A0F-A254-0F691C84A338}.Release|x86.ActiveCfg = Release|Win32
		{8216B1A2-4F17-4A0F-A254-0F691C84A338}.Release|x86.Build.0 = Release|Win32
		{5F301A85-0298-47CF-BABD-974431EADC15}.Debug|x64.ActiveCfg = Debug|x64
		{5F301A85-0298-47CF-BABD-974431EADC15}.Debug|x64.Build.0 = Debug|x64
		{5F301A85-0298-47CF-BABD-974431EADC15}.Debug|x86.ActiveCfg = Debug|Win32
		{5F301A85-0298-47CF-BABD-974431EADC15}.Debug|x86.Build.0 = Debug|Win32
		{5F301A85-0298-47CF-BABD-974431EADC15}.Release|x64.ActiveCfg = Release|x64
		{5F301A85-0298-47CF-BABD-974431EADC15}.Release|x64.Build.0 = Release|x64
		{5F301A85-0298-47CF-BABD-974431EADC15}.Release|x86.ActiveCfg = Release|Win32
		{5F301A85-0298-47CF-BABD-974431EADC15}.Release|x86.Build.0 = Release|Win32
		{2EC3BEBA-5EBF-4EB7-8777-651986BCE65A}.Debug|x64.ActiveCfg = Debug|x64
		{2EC3BEBA-5EBF-4EB7-8777-651986BCE65A}.Debug|x64.Build.0 = Debug|x64
		{2EC3BEBA-5EBF-4EB7-8777-651986BCE65A}.Debug|x86.ActiveCfg = Debug|Win32
		{2EC3BEBA-5EBF-4EB7-8777-651986BCE65A}.Debug|x86.Build.0 = Debug|Win32
		{2EC3BEBA-5EBF-4EB7-8777-651986BCE65A}.Release|x64.ActiveCfg = Release|x64
		{2EC3BEBA-5EBF-4EB7-8777-651986BCE65A}.Release|x64.Build.0 = Release|x64
		{2EC3BEBA-5EBF-4EB7-8777-651986BCE65A}.Release|x86.ActiveCfg = Release|Win32
		{2EC3BEBA-5EBF-4EB7-8777-651986BCE65A}.Release|x86.Build.0 = Release|Win32
		{9C2B91DD-95A6-4475-9DE5-F538524C10FB}.Debug|x64.ActiveCfg = Debug|x64
		{9C2B91DD-95A6-4475-9DE5-F538524C10FB}.Debug|x64.Build.0 = Debug|x64
		{9C2B91DD-95A6-4475-9DE5-F538524C10FB}.Debug|x86.ActiveCfg = Debug|Win32
		{9C2B91DD-95A6-4475-9DE5-F538524C10FB}.Debug|x86.Build.0 = Debug|Win32
		{9C2B91DD-95A6-4475-9DE5-F538524C10FB}.Release|x64.ActiveCfg = Release|x64
		{9C2B91DD-95A6-4475-9DE5-F538524C10FB}.Release|x64.Build.0 = Release|x64
		{9C2B91DD-95A6-4475-9DE5-F538524C10FB}.Release|x86.ActiveCfg = Release|Win32
		{9C2B91DD-95A6-4475-9DE5-F538524C10FB}.Release|x86.Build.0 = Release|Win32
		{58284050-E4B3-4884-ABD6-63CA03F8DC8D}.Debug|x64.ActiveCfg = Debug|x64
		{58284050-E4B3-4884-ABD6-63CA03F8DC8D}.Debug|x64.Build.0 = Debug|x64
		{58284050-E4B3-4884-ABD6-63CA03F8DC8D}.Debug|x86.ActiveCfg = Debug|Win32
		{58284050-E4B3-4884-ABD6-63CA03F8DC8D}.Debug|x86.Build.0 = Debug|Win32
		{58284050-E4B3-4884-ABD6-63CA03F8DC8D}.Release|x64.ActiveCfg = Release|x64
		{58284050-E4B3-4884-ABD6-63CA03F8DC8D}.Release|x64.Build.0 = Release|x64
		{58284050-E4B3-4884-ABD6-63CA03F8DC8D}.Release|x86.ActiveCfg = Release|Win32
		{58284050-E4B3-4884-ABD6-63CA03F8DC8D}.Release|x86.Build.0 = Release|Win32
		{2D716AAF-9795-4408-8E5B-1E0326BA5C2A}.Debug|x64.ActiveCfg = Debug|x64
		{2D716AAF-9795-4408-8E5B-1E0326BA5C2A}.Debug|x64.Build.0 = Debug|x64
		{2D716AAF-9795-4408-8E5B-1E0326BA5C2A}.Debug|x86.ActiveCfg = Debug|Win32
		{2D716AAF-9795-4408-8E5B-1E0326BA5C2A}.Debug|x86.Build.0 = Debug|Win32
		{2D716AAF-9795-4408-8E5B-1E0326BA5C2A}.Release|x64.ActiveCfg = Release|x64
		{2D716AAF-9795-4408-8E5B-1E0326BA5C2A}.Release|x64.Build.0 = Release|x64
		{2D716AAF-9795-4408-8E5B-1E0326BA5C2A}.Release|x86.ActiveCfg = Release|Win32
		{2D716AAF-9795-4408-8E5B-1E0326BA5C2A}.Release|x86.Build.0 = Release|Win32
		{A11B70B3-5771-4060-BBF9-CB6294E04987}.Debug|x64.ActiveCfg = Debug|x64
		{A11B70B3-5771-4060-BBF9-CB6294E04987}.Debug|x64.Build.0 = Debug|x64
		{A11B70B3-5771-4060-BBF9-CB6294E04987}.Debug|x86.ActiveCfg = Debug|Win32
		{A11B70B3-5771-4060-BBF9-CB6294E04987}.Debug|x86.Build.0 = Debug|Win32
		{A11B70B3-5771-4060-BBF9-CB6294E04987}.Release|x64.ActiveCfg = Release|x64
		{A11B70B3-5771-4060-BBF9-CB6294E04987}.Release|x64.Build.0 = Release|x64
		{A11B70B3-5771-4060-BBF9-CB6294E04987}.Release|x86.ActiveCfg = Release|Win32
		{A11B70B3-5771-4060-BBF9-CB6294E04987}.Release|x86.Build.0 = Release|Win32
		{FECE4951-2029-40AF-95BE-FCACC38A0A09}.Debug|x64.ActiveCfg = Debug|x64
		{FECE4951-2029-40AF-95BE-FCACC38A0A09}.Debug|x64.Build.0 = Debug|x64
		{FECE4951-2029-40AF-95BE-FCACC38A0A09}.Debug|x86.ActiveCfg = Debug|Win32
		{FECE4951-2029-40AF-95BE-FCACC38A0A09}.Debug|x86.Build.0 = Debug|Win32
		{FECE4951-2029-40AF-95BE-FCACC38A0A09}.Release|x64.ActiveCfg = Release|x64
		{FECE4951-2029-40AF-95BE-FCACC38A0A09}.Release|x64.Build.0 = Release|x64
		{FECE4951-2029-40AF-95BE-FCACC38A0A09}.Release|x86.ActiveCfg = Release|Win32
		{FECE4951-2029-40AF-95BE-FCACC38A0A09}.Release|x86.Build.0 = Release|Win32
		{0FB713AF-611F-475A-9FA6-582B2147EE96}.Debug|x64.ActiveCfg = Debug|x64
		{0FB713AF-611F-475A-9FA6-582B2147EE96}.Debug|x64.Build.0 = Debug|x64
		{0FB713AF-611F-475A-9FA6-582B2147EE96}.Debug|x86.ActiveCfg = Debug|Win32
		{0FB713AF-611F-475A-9FA6-582B2147EE96}.Debug|x86.Build.0 = Debug|Win32
		{0FB713AF-611F-475A-9FA6-582B2147EE96}.Release|x64.ActiveCfg = Release|x64
		{0FB713AF-611F-475A-9FA6-582B2147EE96}.Release|x64.Build.0 = Release|x64
		{0FB713AF-611F-475A-9FA6-582B2147EE96}.Release|x86.ActiveCfg = Release|Win32
		{0FB713AF-611F-475A-9FA6-582B2147EE96}.Release|x86.Build.0 = Release|Win32
		{78A86783-90DF-409F-BD3E-DC370EE0CC94}.Debug|x64.ActiveCfg = Debug|x64
		{78A86783-90DF-409F-BD3E-DC370EE0CC94}.Debug|x64.Build.0 = Debug|x64
		{78A86783-90DF-409F-BD3E-DC370EE0CC94}.Debug|x86.ActiveCfg = Debug|Win32
		{78A86783-90DF-409F-BD3E-DC370EE0CC94}.Debug|x86.Build.0 = Debug|Win32
		{78A86783-90DF-409F-BD3E-DC370EE0CC94}.Release|x64.ActiveCfg = Release|x64
		{78A86783-90DF-409F-BD3E-DC370EE0CC94}.Release|x64.Build.0 = Release|x64
		{78A86783-90DF-409F-BD3E-DC370EE0CC94}.Release|x86.ActiveCfg = Release|Win32
		{78A86783-90DF-409F-BD3E-DC370EE0CC94}.Release|x86.Build.0 = Release|Win32
		{8C677AC2-72AC-4477-B2E2-84CB76FE9B06}.Debug|x64.ActiveCfg = Debug|x64
		{8C677AC2-72AC-4477-B2E2-84CB76FE9B06}.Debug|x64.Build.0 = Debug|x64
		{8C677AC2-72AC-4477-B2E2-84CB76FE9B06}.Debug|x86.ActiveCfg = Debug|Win32
		{8C677AC2-72AC-4477-B2E2-84CB76FE9B06}.Debug|x86.Build.0 = Debug|Win32
		{8C677AC2-72AC-4477-B2E2-84CB76FE9B06}.Release|x64.ActiveCfg = Release|x64
		{8C677AC2-72AC-4477-B2E2-84CB76FE9B06}.Release|x64.Build.0 = Release|x64
		{8C677AC2-72AC-4477-B2E2-84CB76FE9B06}.Release|x86.ActiveCfg = Release|Win32
		{8C677AC2-72AC-4477-B2E2-84CB76FE9B06}.Release|x86.Build.0 = Release|Win32
		{BD3A0520-24E8-4F74-821A-1B12CD8F0D28}.Debug|x64.ActiveCfg = Debug|x64
		{BD3A0520-24E8-4F74-821A-1B12CD8F0D28}.Debug|x64.Build.0 = Debug|x64
		{BD3A0520-24E8-4F74-821A-1B12CD8F0D28}.Debug|x86.ActiveCfg = Debug|Win32
		{BD3A0520-24E8-4F74-821A-1B12CD8F0D28}.Debug|x86.Build.0 = Debug|Win32
		{BD3A0520-24E8-4F74-821A-1B12CD8F0D28}.Release|x64.ActiveCfg = Release|x64
		{BD3A0520-24E8-4F74-821A-1B12CD8F0D28}.Release|x64.Build.0 = Release|x64
		{BD3A0520-24E8-4F74-821A-1B12CD8F0D28}.Release|x86.ActiveCfg = Release|Win32
		{BD3A0520-24E8-4F74-821A-1B12CD8F0D28}.Release|x86.Build.0 = Release|Win32
		{796DA7BA-92C3-4442-AF9B-856DC889BB27}.Debug|x64.ActiveCfg = Debug|x64
		{796DA7BA-92C3-4442-AF9B-856DC889BB27}.Debug|x64.Build.0 = Debug|x64
		{796DA7BA-92C3-4442-AF9B-856DC889BB27}.Debug|x86.ActiveCfg = Debug|Win32
		{796DA7BA-92C3-4442-AF9B-856DC889BB27}.Debug|x86.Build.0 = Debug|Win32
		{796DA7BA-92C3-4442-AF9B-856DC889BB27}.Release|x64.ActiveCfg = Release|x64
		{796DA7BA-92C3-4442-AF9B-856DC889BB27}.Release|x64.Build.0 = Release|x64
		{796DA7BA-92C3-4442-AF9B-856DC889BB27}.Release|x86.ActiveCfg = Release|Win32
		{796DA7BA-92C3-4442-AF9B-856DC889BB27}.Release|x86.Build.0 = Release|Win32
		{6849F999-2FA7-4149-989D-69022087B04F}.Debug|x64.ActiveCfg = Debug|x64
		{6849F999-2FA7-4149-989D-69022087B04F}.Debug|x64.Build.0 = Debug|x64
		{6849F999-2FA7-4149-989D-69022087B04F}.Debug|x86.ActiveCfg = Debug|Win32
		{6849F999-2FA7-4149-989D-69022087B04F}.Debug|x86.Build.0 = Debug|Win32
		{6849F999-2FA7-4149-989D-69022087B04F}.Release|x64.ActiveCfg = Release|x64
		{6849F999-2FA7-4149-989D-69022087B04F}.Release|x64.Build.0 = Release|x64
		{6849F999-2FA7-4149-989D-69022087B04F}.Release|x86.ActiveCfg = Release|Win32
		{6849F999-2FA7-4149-989D-69022087B04F}.Release|x86.Build.0 = Release|Win32
		{B20ACB30-D03C-487B-9DF0-C68D92991431}.Debug|x64.ActiveCfg = Debug|x64
		{B20ACB30-D03C-487B-9DF0-C68D92991431}.Debug|x64.Build.0 = Debug|x64
		{B20ACB30-D03C-487B-9DF0-C68D92991431}.Debug|x86.ActiveCfg = Debug|Win32
		{B20ACB30-D03C-487B-9DF0-C68D92991431}.Debug|x86.Build.0 = Debug|Win32
		{B20ACB30-D03C-487B-9DF0-C68D92991431}.Release|x64.ActiveCfg = Release|x64
		{B20ACB30-D03C-487B-9DF0-C68D92991431}.Release|x64.Build.0 = Release|x64
		{B20ACB30-D03C-487B-9DF0-C68D92991431}.Release|x86.ActiveCfg = Release|Win32
		{B20ACB30-D03C-487B-9DF0-C68D92991431}.Release|x86.Build.0 = Release|Win32
		{B882E3A2-1395-446C-9DAA-C7BDFC1A92A3}.Debug|x64.ActiveCfg = Debug|x64
		{B882E3A2-1395-446C-9DAA-C7BDFC1A92A3}.Debug|x64.Build.0 = Debug|x64
		{B882E3A2-1395-446C-9DAA-C7BDFC1A92A3}.Debug|x86.ActiveCfg = Debug|Win32
		{B882E3A2-1395-446C-9DAA-C7BDFC1A92A3}.Debug|x86.Build.0 = Debug|Win32
		{B882E3A2-1395-446C-9DAA-C7BDFC1A92A3}.Release|x64.ActiveCfg = Release|x64
		{B882E3A2-1395-446C-9DAA-C7BDFC1A92A3}.Release|x64.Build.0 = Release|x64
		{B882E3A2-1395-446C-9DAA-C7BDFC1A92A3}.Release|x86.ActiveCfg = Release|Win32
		{B882E3A2-1395-446C-9DAA-C7BDFC1A92A3}.Release|x86.Build.0 = Release|Win32
		{640301AA-00A5-4C7C-B1AB-EC6318511E9D}.Debug|x64.ActiveCfg = Debug|x64
		{640301AA-00A5-4C7C-B1AB-EC6318511E9D}.Debug|x64.Build.0 = Debug|x64
		{640301AA-00A5-4C7C-B1AB-EC6318511E9D}.Debug|x86.ActiveCfg = Debug|Win32
		{640301AA-00A5-4C7C-B1AB-EC6318511E9D}.Debug|x86.Build.0 = Debug|Win32
		{640301AA-00A5-4C7C-B1AB-EC6318511E9D}.Release|x64.ActiveCfg = Release|x64
		{640301AA-00A5-4C7C-B1AB-EC6318511E9D}.Release|x64.Build.0 = Release|x64
		{640301AA-00A5-4C7C-B1AB-EC6318511E9D}.Release|x86.ActiveCfg = Release|Win32
		{640301AA-00A5-4C7C-B1AB-EC6318511E9D}.Release|x86.Build.0 = Release|Win32
		{3AA569DA-56D7-463D-A03B-C4886BF88D82}.Debug|x64.ActiveCfg = Debug|x64
		{3AA569DA-56D7-463D-A03B-C4886BF88D82}.Debug|x64.Build.0 = Debug|x64
		{3AA569DA-56D7-463D-A03B-C4886BF88D82}.Debug|x86.ActiveCfg = Debug|Win32
		{3AA569DA-56D7-463D-A03B-C4886BF88D82}.Debug|x86.Build.0 = Debug|Win32
		{3AA569DA-56D7-463D-A03B-C4886BF88D82}.Release|x64.ActiveCfg = Release|x64
		{3AA569DA-56D7-463D-A03B-C4886BF88D82}.Release|x64.Build.0 = Release|x64
		{3AA569DA-56D7-463D-A03B-C4886BF88D82}.Release|x86.ActiveCfg = Release|Win32
		{3AA569DA-56D7-463D-A03B-C4886BF88D82}.Release|x86.Build.0 = Release|Win32
		{4838D91F-EC4D-407E-A5E4-1492BA44D3A1}.Debug|x64.ActiveCfg = Debug|x64
		{4838D91F-EC4D-407E-A5E4-1492BA44D3A1}.Debug|x64.Build.0 = Debug|x64
		{4838D91F-EC4D-407E-A5E4-1492BA44D3A1}.Debug|x86.ActiveCfg = Debug|Win32
		{4838D91F-EC4D-407E-A5E4-1492BA44D3A1}.Debug|x86.Build.0 = Debug|Win32
		{4838D91F-EC4D-407E-A5E4-1492BA44D3A1}.Release|x64.ActiveCfg = Release|x64
		{4838D91F-EC4D-407E-A5E4-1492BA44D3A1}.Release|x64.Build.0 = Release|x64
		{4838D91F-EC4D-407E-A5E4-1492BA44D3A1}.Release|x86.ActiveCfg = Release|Win32
		{4838D91F-EC4D-407E-A5E4-1492BA44D3A1}.Release|x86.Build.0 = Release|Win32
		{D73D869A-6D21-4413-B4A9-1B86DEACCE3A}.Debug|x64.ActiveCfg = Debug|x64
		{D73D869A-6D21-4413-B4A9-1B86DEACCE3A}.Debug|x64.Build.0 = Debug|x64
		{D73D869A-6D21-4413-B4A9-1B86DEACCE3A}.Debug|x86.ActiveCfg = Debug|Win32
		{D73D869A-6D21-4413-B4A9-1B86DEACCE3A}.Debug|x86.Build.0 = Debug|Win32
		{D73D869A-6D21-4413-B4A9-1B86DEACCE3A}.Release|x64.ActiveCfg = Release|x64
		{D73D869A-6D21-4413-B4A9-1B86DEACCE3A}.Release|x64.Build.0 = Release|x64
		{D73D869A-6D21-4413-B4A9-1B86DEACCE3A}.Release|x86.ActiveCfg = Release|Win32
		{D73D869A-6D21-4413-B4A9-1B86DEACCE3A}.Release|x86.Build.0 = Release|Win32
		{C99FB819-C108-41B1-8DE6-06109CC6C508}.Debug|x64.ActiveCfg = Debug|x64
		{C99FB819-C108-41B1-8DE6-06109CC6C508}.Debug|x64.Build.0 = Debug|x64
		{C99FB819-C108-41B1-8DE6-06109CC6C508}.Debug|x86.ActiveCfg = Debug|Win32
		{C99FB819-C108-41B1-8DE6-06109CC6C508}.Debug|x86.Build.0 = Debug|Win32
		{C99FB819-C108-41B1-8DE6-06109CC6C508}.Release|x64.ActiveCfg = Release|x64
		{C99FB819-C108-41B1-8DE6-06109CC6C508}.Release|x64.Build.0 = Release|x64
		{C99FB819-C108-41B1-8DE6-06109CC6C508}.Release|x86.ActiveCfg = Release|Win32
		{C99FB819-C108-41B1-8DE6-06109CC6C508}.Release|x86.Build.0 = Release|Win32
		{52AD4452-8CD5-4CAA-A18D-D1EC46CACC93}.Debug|x64.ActiveCfg = Debug|x64
		{52AD4452-8CD5-4CAA-A18D-D1EC46CACC93}.Debug|x64.Build.0 = Debug|x64
		{52AD4452-8CD5-4CAA-A18D-D1EC46CACC93}.Debug|x86.ActiveCfg = Debug|Win32
		{52AD4452-8CD5-4CAA-A18D-D1EC46CACC93}.Debug|x86.Build.0 = Debug|Win32
		{52AD4452-8CD5-4CAA-A18D-D1EC46CACC93}.Release|x64.ActiveCfg = Release|x64
		{52AD4452-8CD5-4CAA-A18D-D1EC46CACC93}.Release|x64.Build.0 = Release|x64
		{52AD4452-8CD5-4CAA-A18D-D1EC46CACC93}.Release|x86.ActiveCfg = Release|Win32
		{52AD4452-8CD5-4CAA-A18D-D1EC46CACC93}.Release|x86.Build.0 = Release|Win32
		{C494C0C9-50CC-4436-927F-E05882723163}.Debug|x64.ActiveCfg = Debug|x64
		{C494C0C9-50CC-4436-927F-E05882723163}.Debug|x64.Build.0 = Debug|x64
		{C494C0C9-50CC-4436-927F-E05882723163}.Debug|x86.ActiveCfg = Debug|Win32
		{C494C0C9-50CC-4436-927F-E05882723163}.Debug|x86.Build.0 = Debug|Win32
		{C494C0C9-50CC-4436-927F-E05882723163}.Release|x64.ActiveCfg = Release|x64
		{C494C0C9-50CC-4436-927F-E05882723163}.Release|x64.Build.0 = Release|x64
		{C494C0C9-50CC-4436-927F-E05882723163}.Release|x86.ActiveCfg = Release|Win32
		{C494C0C9-50CC-4436-927F-E05882723163}.Release|x86.Build.0 = Release|Win32
		{A18D32E2-637C-479B-9A6F-C2BD203BD452}.Debug|x64.ActiveCfg = Debug|x64
		{A18D32E2-637C-479B-9A6F-C2BD203BD452}.Debug|x64.Build.0 = Debug|x64
		{A18D32E2-637C-479B-9A6F-C2BD203BD452}.Debug|x86.ActiveCfg = Debug|Win32
		{A18D32E2-637C-479B-9A6F-C2BD203BD452}.Debug|x86.Build.0 = Debug|Win32
		{A18D32E2-637C-479B-9A6F-C2BD203BD452}.Release|x64.ActiveCfg = Release|x64
		{A18D32E2-637C-479B-9A6F-C2BD203BD452}.Release|x64.Build.0 = Release|x64
		{A18D32E2-637C-479B-9A6F-C2BD203BD452}.Release|x86.ActiveCfg = Release|Win32
		{A18D32E2-637C-479B-9A6F-C2BD203BD452}.Release|x86.Build.0 = Release|Win32
		{7AB87106-A13F-47D6-B4BD-9CDE10CFD5BA}.Debug|x64.ActiveCfg = Debug|x64
		{7AB87106-A13F-47D6-B4BD-9CDE10CFD5BA}.Debug|x64.Build.0 = Debug|x64
		{7AB87106-A13F-47D6-B4BD-9CDE10CFD5BA}.Debug|x86.ActiveCfg = Debug|Win32
		{7AB87106-A13F-47D6-B4BD-9CDE10CFD5BA}.Debug|x86.Build.0 = Debug|Win32
		{7AB87106-A13F-47D6-B4BD-9CDE10CFD5BA}.Release|x64.ActiveCfg = Release|x64
		{7AB87106-A13F-47D6-B4BD-9CDE10CFD5BA}.Release|x64.Build.0 = Release|x64
		{7AB87106-A13F-47D6-B4BD-9CDE10CFD5BA}.Release|x86.ActiveCfg = Release|Win32
		{7AB87106-A13F-47D6-B4BD-9CDE10CFD5BA}.Release|x86.Build.0 = Release|Win32
		{7C810159-0C12-4DCA-B502-CE0374C3531C}.Debug|x64.ActiveCfg = Debug|x64
		{7C810159-0C12-4DCA-B502-CE0374C3531C}.Debug|x64.Build.0 = Debug|x64
		{7C810159-0C12-4DCA-B502-CE0374C3531C}.Debug|x86.ActiveCfg = Debug|Win32
		{7C810159-0C12-4DCA-B502-CE0374C3531C}.Debug|x86.Build.0 = Debug|Win32
		{7C810159-0C12-4DCA-B502-CE0374C3531C}.Release|x64.ActiveCfg = Release|x64
		{7C810159-0C12-4DCA-B502-CE0374C3531C}.Release|x64.Build.0 = Release|x64
		{7C810159-0C12-4DCA-B502-CE0374C3531C}.Release|x86.ActiveCfg = Release|Win32
		{7C810159-0C12-4DCA-B502-CE0374C3531C}.Release|x86.Build.0 = Release|Win32
		{0B60449A-23F3-409E-83BA-C74C5C0CCC3F}.Debug|x64.ActiveCfg = Debug|x64
		{0B60449A-23F3-409E-83BA-C74C5C0CCC3F}.Debug|x64.Build.0 = Debug|x64
		{0B60449A-23F3-409E-83BA-C74C5C0CCC3F}.Debug|x86.ActiveCfg = Debug|Win32
		{0B60449A-23F3-409E-83BA-C74C5C0CCC3F}.Debug|x86.Build.0 = Debug|Win32
		{0B60449A-23F3-409E-83BA-C74C5C0CCC3F}.Release|x64.ActiveCfg = Release|x64
		{0B60449A-23F3-409E-83BA-C74C5C0CCC3F}.Release|x64.Build.0 = Release|x64
		{0B60449A-23F3-409E-83BA-C74C5C0CCC3F}.Release|x86.ActiveCfg = Release|Win32
		{0B60449A-23F3-409E-83BA-C74C5C0CCC3F}.Release|x86.Build.0 = Release|Win32
		{52CF5C4F-C6A7-458E-8984-DFE353608EA6}.Debug|x64.ActiveCfg = Debug|x64
		{52CF5C4F-C6A7-458E-8984-DFE353608EA6}.Debug|x64.Build.0 = Debug|x64
		{52CF5C4F-C6A7-458E-8984-DFE353608EA6}.Debug|x86.ActiveCfg = Debug|Win32
		{52CF5C4F-C6A7-458E-8984-DFE353608EA6}.Debug|x86.Build.0 = Debug|Win32
		{52CF5C4F-C6A7-458E-8984-DFE353608EA6}.Release|x64.ActiveCfg = Release|x64
		{52CF5C4F-C6A7-458E-8984-DFE353608EA6}.Release|x64.Build.0 = Release|x64
		{52CF5C4F-C6A7-458E-8984-DFE353608EA6}.Release|x86.ActiveCfg = Release|Win32
		{52CF5C4F-C6A7-458E-8984-DFE353608EA6}.Release|x86.Build.0 = Release|Win32
	EndGlobalSection
	GlobalSection(SolutionProperties) = preSolution
		HideSolutionNode = FALSE
	EndGlobalSection
	GlobalSection(ExtensibilityGlobals) = postSolution
		SolutionGuid = {82FE6C1E-A4A2-41B1-8660-095ED85A9C91}
	EndGlobalSection
EndGlobal
